
Microsoft Visual Studio Solution File, Format Version 12.00
# Visual Studio 2012
Project("{FAE04EC0-301F-11D3-BF4B-00C04F79EFBC}") = "SEISMIC_PROJECT", "SEISMIC_PROJECT\SEISMIC_PROJECT.csproj", "{DE21C919-D792-4679-8D44-D1A5FF93E8B0}"
EndProject
Global
	GlobalSection(SolutionConfigurationPlatforms) = preSolution
		Debug|x86 = Debug|x86
		Release|x86 = Release|x86
	EndGlobalSection
	GlobalSection(ProjectConfigurationPlatforms) = postSolution
		{DE21C919-D792-4679-8D44-D1A5FF93E8B0}.Debug|x86.ActiveCfg = Debug|x86
		{DE21C919-D792-4679-8D44-D1A5FF93E8B0}.Debug|x86.Build.0 = Debug|x86
		{DE21C919-D792-4679-8D44-D1A5FF93E8B0}.Release|x86.ActiveCfg = Release|x86
		{DE21C919-D792-4679-8D44-D1A5FF93E8B0}.Release|x86.Build.0 = Release|x86
	EndGlobalSection
EndGlobal
